Microsoft Visual Studio Solution File, Format Version 11.00
# Visual Studio 2008

Project("{2EEC2F22-45F1-D351-2CA4-FB0804B68D06}") = "SimplePlatformer", "Assembly-CSharp.csproj", "{A0FDE673-31E6-872E-23FF-3F8A59B22505}"
EndProject
Global
	GlobalSection(SolutionConfigurationPlatforms) = preSolution
		Debug|Any CPU = Debug|Any CPU
		Release|Any CPU = Release|Any CPU
	EndGlobalSection
	GlobalSection(ProjectConfigurationPlatforms) = postSolution
		{A0FDE673-31E6-872E-23FF-3F8A59B22505}.Debug|Any CPU.ActiveCfg = Debug|Any CPU
		{A0FDE673-31E6-872E-23FF-3F8A59B22505}.Debug|Any CPU.Build.0 = Debug|Any CPU
		{A0FDE673-31E6-872E-23FF-3F8A59B22505}.Release|Any CPU.ActiveCfg = Release|Any CPU
		{A0FDE673-31E6-872E-23FF-3F8A59B22505}.Release|Any CPU.Build.0 = Release|Any CPU
	EndGlobalSection
	GlobalSection(SolutionProperties) = preSolution
		HideSolutionNode = FALSE
	EndGlobalSection
	GlobalSection(MonoDevelopProperties) = preSolution
		StartupItem = Assembly-CSharp.csproj
	EndGlobalSection
EndGlobal
